<?xml version="1.0" encoding="utf-8"?>
<Project ToolsVersion="4.0" xmlns="http://schemas.microsoft.com/developer/msbuild/2003">
  <ItemGroup>
    <Filter Include="vendor">
      <UniqueIdentifier>{B3738122-9F15-ACF8-88D0-BF4C74113349}</UniqueIdentifier>
    </Filter>
    <Filter Include="vendor\ImGuizmo">
      <UniqueIdentifier>{73BF7F4C-DF4A-ED10-E85B-700554664911}</UniqueIdentifier>
    </Filter>
  </ItemGroup>
  <ItemGroup>
    <ClInclude Include="..\vendor\ImGuizmo\ImGuizmo.h">
      <Filter>vendor\ImGuizmo</Filter>
    </ClInclude>
    <ClInclude Include="imgui_impl_glfw.h" />
    <ClInclude Include="imgui_impl_vulkan.h" />
    <ClInclude Include="tiny_obj_loader.h" />
  </ItemGroup>
  <ItemGroup>
    <ClCompile Include="..\vendor\ImGuizmo\ImGuizmo.cpp">
      <Filter>vendor\ImGuizmo</Filter>
    </ClCompile>
    <ClCompile Include="imgui_impl_glfw.cpp" />
    <ClCompile Include="imgui_impl_vulkan.cpp" />
    <ClCompile Include="main.cpp" />
  </ItemGroup>
</Project>